
Microsoft Visual Studio Solution File, Format Version 12.00
# Visual Studio Version 17
VisualStudioVersion = 17.6.33829.357
MinimumVisualStudioVersion = 10.0.40219.1
Project("{2150E333-8FDC-42A3-9474-1A3956D46DE8}") = "lib", "lib", "{91AD361C-3066-4622-8542-573D8DB564B6}"
EndProject
Project("{2150E333-8FDC-42A3-9474-1A3956D46DE8}") = "iTin.Core", "iTin.Core", "{BAC32F5C-5EA9-4549-9614-53DC5F84E266}"
EndProject
Project("{9A19103F-16F7-4668-BE54-9A1E7A4F7556}") = "iTin.Core", "..\..\iTin.Core\src\iTin.Core.csproj", "{7847B23D-0D31-4B9B-898F-A8B1DFE02E65}"
EndProject
Project("{2150E333-8FDC-42A3-9474-1A3956D46DE8}") = "iTin.Core", "iTin.Core", "{E6E15182-983B-4475-B43C-BD3BA2C16850}"
EndProject
Project("{2150E333-8FDC-42A3-9474-1A3956D46DE8}") = "iTin.Core.Drawing", "iTin.Core.Drawing", "{7D1C762E-1008-4A57-8A56-6F7F291DEF47}"
EndProject
Project("{2150E333-8FDC-42A3-9474-1A3956D46DE8}") = "iTin.Core.IO", "iTin.Core.IO", "{65E46AA0-0F6B-49A3-BF97-D1396672B824}"
EndProject
Project("{2150E333-8FDC-42A3-9474-1A3956D46DE8}") = "iTin.Core.IO", "iTin.Core.IO", "{5FBFAA94-9051-41C1-9A7F-C1751644D1F6}"
EndProject
Project("{2150E333-8FDC-42A3-9474-1A3956D46DE8}") = "iTin.Core.Drawing", "iTin.Core.Drawing", "{68B49812-EC7C-43EF-8809-A1D4B3B859DD}"
EndProject
Project("{9A19103F-16F7-4668-BE54-9A1E7A4F7556}") = "iTin.Core.IO", "..\..\iTin.Core.IO\src\iTin.Core.IO.csproj", "{9A72834A-955D-4B76-9D16-19F434F8E3F3}"
EndProject
Project("{9A19103F-16F7-4668-BE54-9A1E7A4F7556}") = "iTin.Core.Models", "src\iTin.Core.Models.csproj", "{38ABDD8D-0E1D-4C4E-9DDA-8530A62F156F}"
EndProject
Project("{9A19103F-16F7-4668-BE54-9A1E7A4F7556}") = "iTin.Core.Drawing", "..\..\iTin.Core.Drawing\src\iTin.Core.Drawing.csproj", "{698AB6AF-D5E6-4761-B46E-389E4CEDEFC9}"
EndProject
Global
	GlobalSection(SolutionConfigurationPlatforms) = preSolution
		Debug|Any CPU = Debug|Any CPU
		Release|Any CPU = Release|Any CPU
	EndGlobalSection
	GlobalSection(ProjectConfigurationPlatforms) = postSolution
		{7847B23D-0D31-4B9B-898F-A8B1DFE02E65}.Debug|Any CPU.ActiveCfg = Debug|Any CPU
		{7847B23D-0D31-4B9B-898F-A8B1DFE02E65}.Debug|Any CPU.Build.0 = Debug|Any CPU
		{7847B23D-0D31-4B9B-898F-A8B1DFE02E65}.Release|Any CPU.ActiveCfg = Release|Any CPU
		{7847B23D-0D31-4B9B-898F-A8B1DFE02E65}.Release|Any CPU.Build.0 = Release|Any CPU
		{9A72834A-955D-4B76-9D16-19F434F8E3F3}.Debug|Any CPU.ActiveCfg = Debug|Any CPU
		{9A72834A-955D-4B76-9D16-19F434F8E3F3}.Debug|Any CPU.Build.0 = Debug|Any CPU
		{9A72834A-955D-4B76-9D16-19F434F8E3F3}.Release|Any CPU.ActiveCfg = Release|Any CPU
		{9A72834A-955D-4B76-9D16-19F434F8E3F3}.Release|Any CPU.Build.0 = Release|Any CPU
		{38ABDD8D-0E1D-4C4E-9DDA-8530A62F156F}.Debug|Any CPU.ActiveCfg = Debug|Any CPU
		{38ABDD8D-0E1D-4C4E-9DDA-8530A62F156F}.Debug|Any CPU.Build.0 = Debug|Any CPU
		{38ABDD8D-0E1D-4C4E-9DDA-8530A62F156F}.Release|Any CPU.ActiveCfg = Release|Any CPU
		{38ABDD8D-0E1D-4C4E-9DDA-8530A62F156F}.Release|Any CPU.Build.0 = Release|Any CPU
		{698AB6AF-D5E6-4761-B46E-389E4CEDEFC9}.Debug|Any CPU.ActiveCfg = Debug|Any CPU
		{698AB6AF-D5E6-4761-B46E-389E4CEDEFC9}.Debug|Any CPU.Build.0 = Debug|Any CPU
		{698AB6AF-D5E6-4761-B46E-389E4CEDEFC9}.Release|Any CPU.ActiveCfg = Release|Any CPU
		{698AB6AF-D5E6-4761-B46E-389E4CEDEFC9}.Release|Any CPU.Build.0 = Release|Any CPU
	EndGlobalSection
	GlobalSection(SolutionProperties) = preSolution
		HideSolutionNode = FALSE
	EndGlobalSection
	GlobalSection(NestedProjects) = preSolution
		{BAC32F5C-5EA9-4549-9614-53DC5F84E266} = {91AD361C-3066-4622-8542-573D8DB564B6}
		{7847B23D-0D31-4B9B-898F-A8B1DFE02E65} = {E6E15182-983B-4475-B43C-BD3BA2C16850}
		{E6E15182-983B-4475-B43C-BD3BA2C16850} = {BAC32F5C-5EA9-4549-9614-53DC5F84E266}
		{7D1C762E-1008-4A57-8A56-6F7F291DEF47} = {BAC32F5C-5EA9-4549-9614-53DC5F84E266}
		{65E46AA0-0F6B-49A3-BF97-D1396672B824} = {BAC32F5C-5EA9-4549-9614-53DC5F84E266}
		{5FBFAA94-9051-41C1-9A7F-C1751644D1F6} = {65E46AA0-0F6B-49A3-BF97-D1396672B824}
		{68B49812-EC7C-43EF-8809-A1D4B3B859DD} = {7D1C762E-1008-4A57-8A56-6F7F291DEF47}
		{9A72834A-955D-4B76-9D16-19F434F8E3F3} = {5FBFAA94-9051-41C1-9A7F-C1751644D1F6}
		{698AB6AF-D5E6-4761-B46E-389E4CEDEFC9} = {68B49812-EC7C-43EF-8809-A1D4B3B859DD}
	EndGlobalSection
	GlobalSection(ExtensibilityGlobals) = postSolution
		SolutionGuid = {98742FC0-CFC6-4E9E-95F2-F5A395B71216}
	EndGlobalSection
EndGlobal
